
Microsoft Visual Studio Solution File, Format Version 12.00
# Visual Studio Version 17
VisualStudioVersion = 17.8.34511.84
MinimumVisualStudioVersion = 10.0.40219.1
Project("{FAE04EC0-301F-11D3-BF4B-00C04F79EFBC}") = "Restanta-Backend", "Restanta-Backend.csproj", "{C52AB618-C260-46FF-BF80-B14BFB9B840B}"
EndProject
Global
	GlobalSection(SolutionConfigurationPlatforms) = preSolution
		Debug|Any CPU = Debug|Any CPU
		Release|Any CPU = Release|Any CPU
	EndGlobalSection
	GlobalSection(ProjectConfigurationPlatforms) = postSolution
		{C52AB618-C260-46FF-BF80-B14BFB9B840B}.Debug|Any CPU.ActiveCfg = Debug|Any CPU
		{C52AB618-C260-46FF-BF80-B14BFB9B840B}.Debug|Any CPU.Build.0 = Debug|Any CPU
		{C52AB618-C260-46FF-BF80-B14BFB9B840B}.Release|Any CPU.ActiveCfg = Release|Any CPU
		{C52AB618-C260-46FF-BF80-B14BFB9B840B}.Release|Any CPU.Build.0 = Release|Any CPU
	EndGlobalSection
	GlobalSection(SolutionProperties) = preSolution
		HideSolutionNode = FALSE
	EndGlobalSection
	GlobalSection(ExtensibilityGlobals) = postSolution
		SolutionGuid = {8102F056-9E19-408C-A40E-36CC21CA0D19}
	EndGlobalSection
EndGlobal
